
Microsoft Visual Studio Solution File, Format Version 11.00
# Visual Studio 2010
Project("{FAE04EC0-301F-11D3-BF4B-00C04F79EFBC}") = "UnityEngine.UI", "UnityEngine.UI.csproj", "{0F65C2A7-8FA9-3334-5E81-FA0E9630E5FD}"
EndProject
Project("{FAE04EC0-301F-11D3-BF4B-00C04F79EFBC}") = "UnityEngine.TestRunner", "UnityEngine.TestRunner.csproj", "{870519D7-F151-C612-1909-51CEDA5D5F46}"
EndProject
Project("{FAE04EC0-301F-11D3-BF4B-00C04F79EFBC}") = "Unity.TextMeshPro", "Unity.TextMeshPro.csproj", "{502A04C3-0716-4F8B-E1B4-4CB860767EDF}"
EndProject
Project("{FAE04EC0-301F-11D3-BF4B-00C04F79EFBC}") = "Unity.Timeline", "Unity.Timeline.csproj", "{17E0888A-C0F3-B4C4-7C41-1A6A10C01350}"
EndProject
Project("{FAE04EC0-301F-11D3-BF4B-00C04F79EFBC}") = "Ink-Libraries", "Ink-Libraries.csproj", "{5E3CCDDD-361E-7C51-7A9D-FE6329E91B0C}"
EndProject
Project("{FAE04EC0-301F-11D3-BF4B-00C04F79EFBC}") = "Cinemachine", "Cinemachine.csproj", "{94D90C63-BA88-989E-AB76-6273DB7A0954}"
EndProject
Project("{FAE04EC0-301F-11D3-BF4B-00C04F79EFBC}") = "Assembly-CSharp", "Assembly-CSharp.csproj", "{C4B8CC3F-AD9F-FC3D-7B9E-899E30408185}"
EndProject
Project("{FAE04EC0-301F-11D3-BF4B-00C04F79EFBC}") = "UnityEditor.TestRunner", "UnityEditor.TestRunner.csproj", "{85A5070E-4DA9-DEC7-2EC3-04E0962076E3}"
EndProject
Project("{FAE04EC0-301F-11D3-BF4B-00C04F79EFBC}") = "Unity.TextMeshPro.Editor", "Unity.TextMeshPro.Editor.csproj", "{01C95B3B-CF09-0840-0F75-73166FF57DEE}"
EndProject
Project("{FAE04EC0-301F-11D3-BF4B-00C04F79EFBC}") = "Unity.Timeline.Editor", "Unity.Timeline.Editor.csproj", "{268155A7-0B5D-BDC8-D355-254AC331CA40}"
EndProject
Project("{FAE04EC0-301F-11D3-BF4B-00C04F79EFBC}") = "Unity.2D.Sprite.Editor", "Unity.2D.Sprite.Editor.csproj", "{20823561-2A33-9B5C-04A8-4CF4F7B7B3A2}"
EndProject
Project("{FAE04EC0-301F-11D3-BF4B-00C04F79EFBC}") = "com.unity.cinemachine.editor", "com.unity.cinemachine.editor.csproj", "{4F29D525-038C-D118-3631-11FE7344CC32}"
EndProject
Project("{FAE04EC0-301F-11D3-BF4B-00C04F79EFBC}") = "UnityEditor.UI", "UnityEditor.UI.csproj", "{CFF78CCB-2AD7-6FD8-AA19-C29A2D9DB409}"
EndProject
Project("{FAE04EC0-301F-11D3-BF4B-00C04F79EFBC}") = "Unity.Rider.Editor", "Unity.Rider.Editor.csproj", "{E898702F-E698-7E46-9B88-FA0E2313C564}"
EndProject
Project("{FAE04EC0-301F-11D3-BF4B-00C04F79EFBC}") = "Unity.CollabProxy.Editor", "Unity.CollabProxy.Editor.csproj", "{92EE7F47-7FAA-A382-5C27-F73567D2D50A}"
EndProject
Project("{FAE04EC0-301F-11D3-BF4B-00C04F79EFBC}") = "Unity.VSCode.Editor", "Unity.VSCode.Editor.csproj", "{7C856D13-C007-3446-0461-67A2B24EF690}"
EndProject
Project("{FAE04EC0-301F-11D3-BF4B-00C04F79EFBC}") = "InkEditor", "InkEditor.csproj", "{B544D8F4-EFF3-1C01-D2AF-57007A6DDE9B}"
EndProject
Project("{FAE04EC0-301F-11D3-BF4B-00C04F79EFBC}") = "Assembly-CSharp-Editor", "Assembly-CSharp-Editor.csproj", "{49771C6F-20E4-C568-E634-4BC4823DDD9D}"
EndProject
Global
	GlobalSection(SolutionConfigurationPlatforms) = preSolution
		Debug|Any CPU = Debug|Any CPU
		Release|Any CPU = Release|Any CPU
	EndGlobalSection
	GlobalSection(ProjectConfigurationPlatforms) = postSolution
		{0F65C2A7-8FA9-3334-5E81-FA0E9630E5FD}.Debug|Any CPU.ActiveCfg = Debug|Any CPU
		{0F65C2A7-8FA9-3334-5E81-FA0E9630E5FD}.Debug|Any CPU.Build.0 = Debug|Any CPU
		{0F65C2A7-8FA9-3334-5E81-FA0E9630E5FD}.Release|Any CPU.ActiveCfg = Release|Any CPU
		{0F65C2A7-8FA9-3334-5E81-FA0E9630E5FD}.Release|Any CPU.Build.0 = Release|Any CPU
		{870519D7-F151-C612-1909-51CEDA5D5F46}.Debug|Any CPU.ActiveCfg = Debug|Any CPU
		{870519D7-F151-C612-1909-51CEDA5D5F46}.Debug|Any CPU.Build.0 = Debug|Any CPU
		{870519D7-F151-C612-1909-51CEDA5D5F46}.Release|Any CPU.ActiveCfg = Release|Any CPU
		{870519D7-F151-C612-1909-51CEDA5D5F46}.Release|Any CPU.Build.0 = Release|Any CPU
		{502A04C3-0716-4F8B-E1B4-4CB860767EDF}.Debug|Any CPU.ActiveCfg = Debug|Any CPU
		{502A04C3-0716-4F8B-E1B4-4CB860767EDF}.Debug|Any CPU.Build.0 = Debug|Any CPU
		{502A04C3-0716-4F8B-E1B4-4CB860767EDF}.Release|Any CPU.ActiveCfg = Release|Any CPU
		{502A04C3-0716-4F8B-E1B4-4CB860767EDF}.Release|Any CPU.Build.0 = Release|Any CPU
		{17E0888A-C0F3-B4C4-7C41-1A6A10C01350}.Debug|Any CPU.ActiveCfg = Debug|Any CPU
		{17E0888A-C0F3-B4C4-7C41-1A6A10C01350}.Debug|Any CPU.Build.0 = Debug|Any CPU
		{17E0888A-C0F3-B4C4-7C41-1A6A10C01350}.Release|Any CPU.ActiveCfg = Release|Any CPU
		{17E0888A-C0F3-B4C4-7C41-1A6A10C01350}.Release|Any CPU.Build.0 = Release|Any CPU
		{5E3CCDDD-361E-7C51-7A9D-FE6329E91B0C}.Debug|Any CPU.ActiveCfg = Debug|Any CPU
		{5E3CCDDD-361E-7C51-7A9D-FE6329E91B0C}.Debug|Any CPU.Build.0 = Debug|Any CPU
		{5E3CCDDD-361E-7C51-7A9D-FE6329E91B0C}.Release|Any CPU.ActiveCfg = Release|Any CPU
		{5E3CCDDD-361E-7C51-7A9D-FE6329E91B0C}.Release|Any CPU.Build.0 = Release|Any CPU
		{94D90C63-BA88-989E-AB76-6273DB7A0954}.Debug|Any CPU.ActiveCfg = Debug|Any CPU
		{94D90C63-BA88-989E-AB76-6273DB7A0954}.Debug|Any CPU.Build.0 = Debug|Any CPU
		{94D90C63-BA88-989E-AB76-6273DB7A0954}.Release|Any CPU.ActiveCfg = Release|Any CPU
		{94D90C63-BA88-989E-AB76-6273DB7A0954}.Release|Any CPU.Build.0 = Release|Any CPU
		{C4B8CC3F-AD9F-FC3D-7B9E-899E30408185}.Debug|Any CPU.ActiveCfg = Debug|Any CPU
		{C4B8CC3F-AD9F-FC3D-7B9E-899E30408185}.Debug|Any CPU.Build.0 = Debug|Any CPU
		{C4B8CC3F-AD9F-FC3D-7B9E-899E30408185}.Release|Any CPU.ActiveCfg = Release|Any CPU
		{C4B8CC3F-AD9F-FC3D-7B9E-899E30408185}.Release|Any CPU.Build.0 = Release|Any CPU
		{85A5070E-4DA9-DEC7-2EC3-04E0962076E3}.Debug|Any CPU.ActiveCfg = Debug|Any CPU
		{85A5070E-4DA9-DEC7-2EC3-04E0962076E3}.Debug|Any CPU.Build.0 = Debug|Any CPU
		{85A5070E-4DA9-DEC7-2EC3-04E0962076E3}.Release|Any CPU.ActiveCfg = Release|Any CPU
		{85A5070E-4DA9-DEC7-2EC3-04E0962076E3}.Release|Any CPU.Build.0 = Release|Any CPU
		{01C95B3B-CF09-0840-0F75-73166FF57DEE}.Debug|Any CPU.ActiveCfg = Debug|Any CPU
		{01C95B3B-CF09-0840-0F75-73166FF57DEE}.Debug|Any CPU.Build.0 = Debug|Any CPU
		{01C95B3B-CF09-0840-0F75-73166FF57DEE}.Release|Any CPU.ActiveCfg = Release|Any CPU
		{01C95B3B-CF09-0840-0F75-73166FF57DEE}.Release|Any CPU.Build.0 = Release|Any CPU
		{268155A7-0B5D-BDC8-D355-254AC331CA40}.Debug|Any CPU.ActiveCfg = Debug|Any CPU
		{268155A7-0B5D-BDC8-D355-254AC331CA40}.Debug|Any CPU.Build.0 = Debug|Any CPU
		{268155A7-0B5D-BDC8-D355-254AC331CA40}.Release|Any CPU.ActiveCfg = Release|Any CPU
		{268155A7-0B5D-BDC8-D355-254AC331CA40}.Release|Any CPU.Build.0 = Release|Any CPU
		{20823561-2A33-9B5C-04A8-4CF4F7B7B3A2}.Debug|Any CPU.ActiveCfg = Debug|Any CPU
		{20823561-2A33-9B5C-04A8-4CF4F7B7B3A2}.Debug|Any CPU.Build.0 = Debug|Any CPU
		{20823561-2A33-9B5C-04A8-4CF4F7B7B3A2}.Release|Any CPU.ActiveCfg = Release|Any CPU
		{20823561-2A33-9B5C-04A8-4CF4F7B7B3A2}.Release|Any CPU.Build.0 = Release|Any CPU
		{4F29D525-038C-D118-3631-11FE7344CC32}.Debug|Any CPU.ActiveCfg = Debug|Any CPU
		{4F29D525-038C-D118-3631-11FE7344CC32}.Debug|Any CPU.Build.0 = Debug|Any CPU
		{4F29D525-038C-D118-3631-11FE7344CC32}.Release|Any CPU.ActiveCfg = Release|Any CPU
		{4F29D525-038C-D118-3631-11FE7344CC32}.Release|Any CPU.Build.0 = Release|Any CPU
		{CFF78CCB-2AD7-6FD8-AA19-C29A2D9DB409}.Debug|Any CPU.ActiveCfg = Debug|Any CPU
		{CFF78CCB-2AD7-6FD8-AA19-C29A2D9DB409}.Debug|Any CPU.Build.0 = Debug|Any CPU
		{CFF78CCB-2AD7-6FD8-AA19-C29A2D9DB409}.Release|Any CPU.ActiveCfg = Release|Any CPU
		{CFF78CCB-2AD7-6FD8-AA19-C29A2D9DB409}.Release|Any CPU.Build.0 = Release|Any CPU
		{E898702F-E698-7E46-9B88-FA0E2313C564}.Debug|Any CPU.ActiveCfg = Debug|Any CPU
		{E898702F-E698-7E46-9B88-FA0E2313C564}.Debug|Any CPU.Build.0 = Debug|Any CPU
		{E898702F-E698-7E46-9B88-FA0E2313C564}.Release|Any CPU.ActiveCfg = Release|Any CPU
		{E898702F-E698-7E46-9B88-FA0E2313C564}.Release|Any CPU.Build.0 = Release|Any CPU
		{92EE7F47-7FAA-A382-5C27-F73567D2D50A}.Debug|Any CPU.ActiveCfg = Debug|Any CPU
		{92EE7F47-7FAA-A382-5C27-F73567D2D50A}.Debug|Any CPU.Build.0 = Debug|Any CPU
		{92EE7F47-7FAA-A382-5C27-F73567D2D50A}.Release|Any CPU.ActiveCfg = Release|Any CPU
		{92EE7F47-7FAA-A382-5C27-F73567D2D50A}.Release|Any CPU.Build.0 = Release|Any CPU
		{7C856D13-C007-3446-0461-67A2B24EF690}.Debug|Any CPU.ActiveCfg = Debug|Any CPU
		{7C856D13-C007-3446-0461-67A2B24EF690}.Debug|Any CPU.Build.0 = Debug|Any CPU
		{7C856D13-C007-3446-0461-67A2B24EF690}.Release|Any CPU.ActiveCfg = Release|Any CPU
		{7C856D13-C007-3446-0461-67A2B24EF690}.Release|Any CPU.Build.0 = Release|Any CPU
		{B544D8F4-EFF3-1C01-D2AF-57007A6DDE9B}.Debug|Any CPU.ActiveCfg = Debug|Any CPU
		{B544D8F4-EFF3-1C01-D2AF-57007A6DDE9B}.Debug|Any CPU.Build.0 = Debug|Any CPU
		{B544D8F4-EFF3-1C01-D2AF-57007A6DDE9B}.Release|Any CPU.ActiveCfg = Release|Any CPU
		{B544D8F4-EFF3-1C01-D2AF-57007A6DDE9B}.Release|Any CPU.Build.0 = Release|Any CPU
		{49771C6F-20E4-C568-E634-4BC4823DDD9D}.Debug|Any CPU.ActiveCfg = Debug|Any CPU
		{49771C6F-20E4-C568-E634-4BC4823DDD9D}.Debug|Any CPU.Build.0 = Debug|Any CPU
		{49771C6F-20E4-C568-E634-4BC4823DDD9D}.Release|Any CPU.ActiveCfg = Release|Any CPU
		{49771C6F-20E4-C568-E634-4BC4823DDD9D}.Release|Any CPU.Build.0 = Release|Any CPU
	EndGlobalSection
	GlobalSection(SolutionProperties) = preSolution
		HideSolutionNode = FALSE
	EndGlobalSection
EndGlobal
