
Microsoft Visual Studio Solution File, Format Version 12.00
# Visual Studio 15
Project("{FAE04EC0-301F-11D3-BF4B-00C04F79EFBC}") = "Ink-Libraries", "Ink-Libraries.csproj", "{5E3CCDDD-361E-7C51-7A9D-FE6329E91B0C}"
EndProject
Project("{FAE04EC0-301F-11D3-BF4B-00C04F79EFBC}") = "Assembly-CSharp", "Assembly-CSharp.csproj", "{C4B8CC3F-AD9F-FC3D-7B9E-899E30408185}"
EndProject
Project("{FAE04EC0-301F-11D3-BF4B-00C04F79EFBC}") = "InkEditor", "InkEditor.csproj", "{B544D8F4-EFF3-1C01-D2AF-57007A6DDE9B}"
EndProject
Project("{FAE04EC0-301F-11D3-BF4B-00C04F79EFBC}") = "Assembly-CSharp-Editor", "Assembly-CSharp-Editor.csproj", "{49771C6F-20E4-C568-E634-4BC4823DDD9D}"
EndProject
Global
	GlobalSection(SolutionConfigurationPlatforms) = preSolution
		Debug|Any CPU = Debug|Any CPU
		Release|Any CPU = Release|Any CPU
	EndGlobalSection
	GlobalSection(ProjectConfigurationPlatforms) = postSolution
		{5E3CCDDD-361E-7C51-7A9D-FE6329E91B0C}.Debug|Any CPU.ActiveCfg = Debug|Any CPU
		{5E3CCDDD-361E-7C51-7A9D-FE6329E91B0C}.Debug|Any CPU.Build.0 = Debug|Any CPU
		{5E3CCDDD-361E-7C51-7A9D-FE6329E91B0C}.Release|Any CPU.ActiveCfg = Release|Any CPU
		{5E3CCDDD-361E-7C51-7A9D-FE6329E91B0C}.Release|Any CPU.Build.0 = Release|Any CPU
		{C4B8CC3F-AD9F-FC3D-7B9E-899E30408185}.Debug|Any CPU.ActiveCfg = Debug|Any CPU
		{C4B8CC3F-AD9F-FC3D-7B9E-899E30408185}.Debug|Any CPU.Build.0 = Debug|Any CPU
		{C4B8CC3F-AD9F-FC3D-7B9E-899E30408185}.Release|Any CPU.ActiveCfg = Release|Any CPU
		{C4B8CC3F-AD9F-FC3D-7B9E-899E30408185}.Release|Any CPU.Build.0 = Release|Any CPU
		{B544D8F4-EFF3-1C01-D2AF-57007A6DDE9B}.Debug|Any CPU.ActiveCfg = Debug|Any CPU
		{B544D8F4-EFF3-1C01-D2AF-57007A6DDE9B}.Debug|Any CPU.Build.0 = Debug|Any CPU
		{B544D8F4-EFF3-1C01-D2AF-57007A6DDE9B}.Release|Any CPU.ActiveCfg = Release|Any CPU
		{B544D8F4-EFF3-1C01-D2AF-57007A6DDE9B}.Release|Any CPU.Build.0 = Release|Any CPU
		{49771C6F-20E4-C568-E634-4BC4823DDD9D}.Debug|Any CPU.ActiveCfg = Debug|Any CPU
		{49771C6F-20E4-C568-E634-4BC4823DDD9D}.Debug|Any CPU.Build.0 = Debug|Any CPU
		{49771C6F-20E4-C568-E634-4BC4823DDD9D}.Release|Any CPU.ActiveCfg = Release|Any CPU
		{49771C6F-20E4-C568-E634-4BC4823DDD9D}.Release|Any CPU.Build.0 = Release|Any CPU
	EndGlobalSection
	GlobalSection(SolutionProperties) = preSolution
		HideSolutionNode = FALSE
	EndGlobalSection
EndGlobal
